{
  "projects": [
    {
      "projectId": "6tP4H2YXq73abyMEePhpsf",
      "version": "latest",
      "dependencies": {
        "7nJ7UcFmq9UzB6eXfC5z4a": "0.0.2",
        "r3ASNrnyvLLLAtDvzUioQ": "2.1.1",
        "84wxoth5npGrp6RRXPL88z": "4.0.1"
      },
      "lang": "js",
      "fileLocks": [
        {
          "type": "globalVariant",
          "assetId": "U0vQjvxy5SKDm",
          "checksum": "6266f15d8d5cbb12c046f09b0f731bf3"
        },
        {
          "type": "renderModule",
          "assetId": "kmIJQ5z3TF",
          "checksum": "958163a89fe3ebaffb12d50786883ac5"
        },
        {
          "type": "cssRules",
          "assetId": "kmIJQ5z3TF",
          "checksum": "958163a89fe3ebaffb12d50786883ac5"
        },
        {
          "type": "renderModule",
          "assetId": "nhj0lG9b9L",
          "checksum": "f849190ca83f202566bf7b0f1fd89110"
        },
        {
          "type": "cssRules",
          "assetId": "nhj0lG9b9L",
          "checksum": "f849190ca83f202566bf7b0f1fd89110"
        },
        {
          "type": "icon",
          "assetId": "aJIx2seAQO",
          "checksum": "cdcb9ec5cca96d66d09fbefa0d05e783"
        },
        {
          "type": "icon",
          "assetId": "k0qDy9mM7G",
          "checksum": "0192fbc77be231bb69042173aec0db28"
        },
        {
          "type": "icon",
          "assetId": "PQCgIB4zFs",
          "checksum": "3723d01a9d9a8fed4f3b100741169cb3"
        },
        {
          "type": "icon",
          "assetId": "ofxpl5CfgP",
          "checksum": "1140aa083f2c09b8a6aa028cf6a6fceb"
        },
        {
          "type": "icon",
          "assetId": "ZO-wlH3FQA",
          "checksum": "025db240cbb9d2aea6f7ee84a23773a9"
        },
        {
          "type": "icon",
          "assetId": "7TF_5MOPI-",
          "checksum": "c2c6cfef2a669d8923cf9004d530b8e8"
        },
        {
          "type": "icon",
          "assetId": "DWFVge57vL",
          "checksum": "ada404f08bdaf30c88f9dc4e0b3b3669"
        },
        {
          "type": "icon",
          "assetId": "qRmAp_Q_rQ",
          "checksum": "9114d38b915b02ce328cc2f1689a46d5"
        },
        {
          "type": "icon",
          "assetId": "lZXQJCYXE-",
          "checksum": "9d16d669ac8159a80be962d2c5bed772"
        },
        {
          "type": "icon",
          "assetId": "jVyaTlq74k",
          "checksum": "b024600938fa2273e2ae6081d6012ef4"
        },
        {
          "type": "icon",
          "assetId": "g1FkF8DalH",
          "checksum": "b76db6752543e55b798825cf66a3ccd5"
        },
        {
          "type": "icon",
          "assetId": "0vaB1G-gxVg",
          "checksum": "e07e802564dc3c4a8fb1da294ecc6e9c"
        },
        {
          "type": "icon",
          "assetId": "CQN_RaB1qX4",
          "checksum": "d88db6d65f6a3106c5a9dd3b094a7476"
        },
        {
          "type": "icon",
          "assetId": "X7MFUIHrVnf",
          "checksum": "fb7a836ceb297714150a969c1e179cf8"
        },
        {
          "type": "icon",
          "assetId": "VdL2x5EHJqM",
          "checksum": "6537e21dca32d02eafceea835900e689"
        },
        {
          "type": "icon",
          "assetId": "Sl6WxeB-XjK",
          "checksum": "6b61e4a8054edbdc57eb60bc512e453f"
        },
        {
          "type": "icon",
          "assetId": "VUUxUU0Snc9",
          "checksum": "6231e7aa302d0d67e4c14e44fa43d8c3"
        },
        {
          "type": "icon",
          "assetId": "Tf279w1rZIt",
          "checksum": "f75b4e0fa450de011c091bd400e30b9d"
        },
        {
          "type": "icon",
          "assetId": "iV45GyIvt71",
          "checksum": "5ed5c9226ee78a40636017fdcebc497c"
        },
        {
          "type": "icon",
          "assetId": "isENxjcGSDv",
          "checksum": "ef1b9212bc4335927866a898fbf59747"
        },
        {
          "type": "icon",
          "assetId": "UVAe3cG5bL-",
          "checksum": "5ace160e56f53e6140a15f777464abaf"
        },
        {
          "type": "icon",
          "assetId": "irjNS_NSkIK",
          "checksum": "ec062ccb29588d0bf5688162bf370776"
        },
        {
          "type": "image",
          "assetId": "sSfntq6Qq7",
          "checksum": "6ea2d7efee6bcbbc2616f5a231915ca3"
        },
        {
          "type": "image",
          "assetId": "5jwImdGm-H",
          "checksum": "d633047a67d07055c50a14c40039a88c"
        },
        {
          "type": "image",
          "assetId": "fFJSUvpvre",
          "checksum": "544e0f35064a08ae8e376de6a475aa46"
        },
        {
          "type": "image",
          "assetId": "rr4KQb0b-Z",
          "checksum": "fb481864069a995cef750484b97662c6"
        },
        {
          "type": "image",
          "assetId": "RaK5OY1GJsO",
          "checksum": "15045b20f7b63938b71e8f835271c6a1"
        },
        {
          "type": "image",
          "assetId": "c8PdPm9pxOC",
          "checksum": "3896ed9361fe7a594a36739d2adf96b0"
        },
        {
          "type": "image",
          "assetId": "uauVMUohuUf",
          "checksum": "59dcb869c88d9578dbdc4eee72de5902"
        },
        {
          "type": "image",
          "assetId": "JUB1rHU4w5",
          "checksum": "cdda65683d16d2413971abe7c7beef04"
        },
        {
          "type": "image",
          "assetId": "dDWHia0zUn",
          "checksum": "960c540a61ab12563084fcac009513b5"
        },
        {
          "type": "image",
          "assetId": "t2LNPXxuVT",
          "checksum": "8be18a9006642a8d8ac9ff465a1d9fec"
        },
        {
          "type": "renderModule",
          "assetId": "XuXn_eVAMfJ",
          "checksum": "d30e2bc0cb7adb9491f4e1e390bb680f"
        },
        {
          "type": "cssRules",
          "assetId": "XuXn_eVAMfJ",
          "checksum": "d30e2bc0cb7adb9491f4e1e390bb680f"
        },
        {
          "type": "icon",
          "assetId": "QQ0SctFdkn5",
          "checksum": "a74a86c6520236b7c15c241d90d0c90c"
        },
        {
          "type": "icon",
          "assetId": "boz120LRHfd",
          "checksum": "d28e568601ad15e9041b5a24decfa8f2"
        },
        {
          "type": "renderModule",
          "assetId": "YFLbf8Sj1U",
          "checksum": "8cdfeb0936ce3c78206ec555cfdb8e1b"
        },
        {
          "type": "cssRules",
          "assetId": "YFLbf8Sj1U",
          "checksum": "8cdfeb0936ce3c78206ec555cfdb8e1b"
        },
        {
          "type": "renderModule",
          "assetId": "GeHxaxYhV01",
          "checksum": "ca4c433e56f3b6aedd57f960d91b158e"
        },
        {
          "type": "cssRules",
          "assetId": "GeHxaxYhV01",
          "checksum": "ca4c433e56f3b6aedd57f960d91b158e"
        },
        {
          "type": "renderModule",
          "assetId": "c-0KVxh9hq",
          "checksum": "0c8080183bf9bef4cd741222574c1081"
        },
        {
          "type": "cssRules",
          "assetId": "c-0KVxh9hq",
          "checksum": "0c8080183bf9bef4cd741222574c1081"
        },
        {
          "type": "renderModule",
          "assetId": "4T390JcXEt",
          "checksum": "74b8d4e923bb607ce9ffee1e98c3b046"
        },
        {
          "type": "cssRules",
          "assetId": "4T390JcXEt",
          "checksum": "74b8d4e923bb607ce9ffee1e98c3b046"
        },
        {
          "type": "renderModule",
          "assetId": "9HJOL_ndHV",
          "checksum": "842e60f2d0c0418adad9f2e98d4b20fb"
        },
        {
          "type": "cssRules",
          "assetId": "9HJOL_ndHV",
          "checksum": "842e60f2d0c0418adad9f2e98d4b20fb"
        },
        {
          "type": "renderModule",
          "assetId": "w_pxODdXjgL",
          "checksum": "4abb707a983be786e1aef1ce8be8b6a5"
        },
        {
          "type": "cssRules",
          "assetId": "w_pxODdXjgL",
          "checksum": "4abb707a983be786e1aef1ce8be8b6a5"
        },
        {
          "type": "icon",
          "assetId": "COhTphc4Ut",
          "checksum": "87b54146e2b578cea559f509c4389835"
        },
        {
          "type": "icon",
          "assetId": "yVohYqlYFb",
          "checksum": "8e4e5940792c40801517f46dc7e53edf"
        },
        {
          "type": "icon",
          "assetId": "YuTey3_gZl",
          "checksum": "ea27340af991a785ff0a7d3ceb738751"
        },
        {
          "type": "icon",
          "assetId": "Bj4GhDg1_t",
          "checksum": "80ac6d063965fdcd34f1c5207299c11b"
        },
        {
          "type": "icon",
          "assetId": "nPl2qKjNR7",
          "checksum": "26097e9acb1355267917471215480fd7"
        },
        {
          "type": "icon",
          "assetId": "e7_Kl1BE5o",
          "checksum": "8e70a218e6feca21c45c74f38eebc92c"
        },
        {
          "type": "icon",
          "assetId": "zsbxYr-xMd",
          "checksum": "3cdb17ecbcc1af70e5c5e20220dccc2c"
        },
        {
          "type": "icon",
          "assetId": "CctCRY5INO",
          "checksum": "ee2259e350f8b348391c1d9f2e0269ee"
        },
        {
          "type": "icon",
          "assetId": "N3VAOrdctd",
          "checksum": "1f07382229f7eabf039381dcb9a39cb1"
        },
        {
          "type": "icon",
          "assetId": "0Iwytd0xfd",
          "checksum": "69fcf68d24a4ccc7e732e678ec5e4b5b"
        },
        {
          "type": "icon",
          "assetId": "-moBxgIQ_t",
          "checksum": "f6d578df29aad03b811fa8bc1414c5ba"
        },
        {
          "type": "icon",
          "assetId": "HM7DpFmCWr",
          "checksum": "3d97e8a88dfe59845685c55481f0b09c"
        },
        {
          "type": "icon",
          "assetId": "gdyJc--PQ1",
          "checksum": "60c303cb78ea83d78160d82287bdc417"
        },
        {
          "type": "icon",
          "assetId": "7ipi9rOB7v",
          "checksum": "82a6af3ff35d6ca94ca7cbe42abcb629"
        },
        {
          "type": "icon",
          "assetId": "6HeqwqHBbf",
          "checksum": "6be3e3f7bc1cac0af4357fac5b306cee"
        },
        {
          "type": "icon",
          "assetId": "Hg_aDXW0Z0",
          "checksum": "0dd48d7e771344cda6170ed86656ad55"
        },
        {
          "type": "icon",
          "assetId": "OhSD0j47BP",
          "checksum": "cb51f1d66ee3da57bd1fb408ac8d220a"
        },
        {
          "type": "icon",
          "assetId": "rau-jPp5nIj",
          "checksum": "c663952d4e4baecc032f80763f9acbcd"
        },
        {
          "type": "icon",
          "assetId": "wVTpvhRIk",
          "checksum": "4b25224418b5f9060fe8ddec7a67d796"
        },
        {
          "type": "icon",
          "assetId": "jLqQURmORE",
          "checksum": "a8c13cfbc9ddbea11c7959bc1a4a8318"
        },
        {
          "type": "icon",
          "assetId": "mONoTt4GFD",
          "checksum": "4cd8c5ff791a3898f5f4dcb100040989"
        },
        {
          "type": "icon",
          "assetId": "-sN0b3ryjh",
          "checksum": "559ce450ef23b75e2e1183548021d895"
        },
        {
          "type": "icon",
          "assetId": "iBPLYBuw3O",
          "checksum": "2e28ed13038f692d8237f4d435725ff4"
        },
        {
          "type": "icon",
          "assetId": "5b4iZPvXBH",
          "checksum": "082bc2cd58d8abf2f33dfe3c722ad86f"
        },
        {
          "type": "icon",
          "assetId": "0W5NrMaF1Z",
          "checksum": "b388637b7b820b8568ec524efb05922f"
        },
        {
          "type": "icon",
          "assetId": "3oW-8ZY9Ws",
          "checksum": "58ccf511c6cbe072cc9489591c4d017e"
        },
        {
          "type": "image",
          "assetId": "FxB7ZKNsZF",
          "checksum": "2df8e934e2d7e2511b6dfb6cec98a2ba"
        },
        {
          "type": "image",
          "assetId": "Xoyjbhvxm",
          "checksum": "9d334ff6d99a929b574093dd66b54388"
        },
        {
          "type": "image",
          "assetId": "1GQXsNiMO",
          "checksum": "48e9bc635bc06da4c98487ec7666200c"
        },
        {
          "type": "image",
          "assetId": "3LrJqBEcrbv",
          "checksum": "2d56e830e398779ea1b8cbd639e88fb3"
        },
        {
          "type": "image",
          "assetId": "CAImCIbh7oT",
          "checksum": "69f3e9bd11dcb727eaf8ed89defbf1db"
        },
        {
          "type": "image",
          "assetId": "i4UYce1flU1",
          "checksum": "4a25fc138cade2317764daa2694e93d5"
        },
        {
          "type": "image",
          "assetId": "-xHwUAI6q7c",
          "checksum": "141e2ef035d9e1b843c62f2b4c9b6cae"
        },
        {
          "type": "image",
          "assetId": "z-jyUFs8i0x",
          "checksum": "17a09138b3a01fc9343d19fb8247bf03"
        },
        {
          "type": "image",
          "assetId": "6SvKTzPzKLC",
          "checksum": "c88ccb20d27423e4dc22855ef2210db8"
        },
        {
          "type": "image",
          "assetId": "aovqnd_XC_K",
          "checksum": "d065968aa90877124828e02b8827234b"
        },
        {
          "type": "image",
          "assetId": "zS9tyjvgk84",
          "checksum": "65b3a533ceddca3b5aa0f6202df8da9f"
        },
        {
          "type": "image",
          "assetId": "wec4CZMciuK",
          "checksum": "5a043e0cecc0d91b9dd1e79222d89b91"
        },
        {
          "type": "image",
          "assetId": "HHe556RxVRU",
          "checksum": "b001607e5480e1173c086e6bcf66a06e"
        },
        {
          "type": "image",
          "assetId": "cRbp5wpzdqp",
          "checksum": "2a89b8af6eb68a7dc8987979df53fedc"
        },
        {
          "type": "image",
          "assetId": "nXobiuedR",
          "checksum": "05fa80c5b25120e89f4e73c296ad0a55"
        },
        {
          "type": "image",
          "assetId": "YZTV31GeJr",
          "checksum": "b23cd1ad1fbaec257bb18aac3c1d85c0"
        },
        {
          "type": "image",
          "assetId": "VGwOzJD9yg",
          "checksum": "99628b5efc77641e257a3e2997aab4c4"
        },
        {
          "type": "image",
          "assetId": "KkM8XpcPF1",
          "checksum": "ed5bb95340d65f728779b45cb9dfb136"
        },
        {
          "type": "image",
          "assetId": "VTms3CSbcF",
          "checksum": "0f75f7eee1b0c60b177210d562f35932"
        },
        {
          "type": "image",
          "assetId": "ebI6hHsoRh",
          "checksum": "66b6f44405f65acc2d648b9389f07979"
        },
        {
          "type": "image",
          "assetId": "VqLsMCtBrx",
          "checksum": "743d6e280a5b0d0d717fada5227af6bd"
        },
        {
          "type": "image",
          "assetId": "hNl-QtZ_Mv",
          "checksum": "9b44f220827888bf0aafeec2f027b0e1"
        },
        {
          "type": "image",
          "assetId": "4tMDiFTjJ",
          "checksum": "61ae8a253b7c8048afe4940342012ef3"
        },
        {
          "type": "image",
          "assetId": "0ZzVBva24V",
          "checksum": "6aba1462ca6002f086fb3b2263ace9d4"
        },
        {
          "type": "image",
          "assetId": "KRv5VVhPUr",
          "checksum": "4eb06f70341725ec2b2a732d147aa528"
        },
        {
          "type": "image",
          "assetId": "KAsjJSUZAW",
          "checksum": "3117eb6b918334e76f97cfe37cb1aae7"
        },
        {
          "type": "image",
          "assetId": "R9wTQ0dlP0",
          "checksum": "f6a98e52b55ec3e2373947785d618d2a"
        },
        {
          "type": "image",
          "assetId": "YOIM0bHeNV",
          "checksum": "a0fec329b13a87258b256aff28ccd7a3"
        },
        {
          "type": "image",
          "assetId": "UXvlE2r9Cy",
          "checksum": "a004f34b23b7b0964adb98b24b52a981"
        },
        {
          "type": "image",
          "assetId": "oChYBetgbA",
          "checksum": "3c63c4034394a02a2d9325db6a67b4d3"
        },
        {
          "type": "image",
          "assetId": "0NqC1rV5I2",
          "checksum": "adae1ec6e6eb58e8841f97adcb51845d"
        },
        {
          "type": "image",
          "assetId": "mOnaTTUxPj",
          "checksum": "b44626aad29f00a070de47f1596e26e0"
        },
        {
          "assetId": "6tP4H2YXq73abyMEePhpsf",
          "checksum": "1bca6e6275e5b95a3adff2e77efb673f",
          "type": "globalContexts"
        },
        {
          "type": "renderModule",
          "assetId": "_5wgUA_BX3",
          "checksum": "33b0847d305dc83ab4a3e24e64f7d7ef"
        },
        {
          "type": "cssRules",
          "assetId": "_5wgUA_BX3",
          "checksum": "33b0847d305dc83ab4a3e24e64f7d7ef"
        },
        {
          "type": "renderModule",
          "assetId": "CFz-I9uXMp",
          "checksum": "df5133bd170deca0ae976af0311aa8f4"
        },
        {
          "type": "cssRules",
          "assetId": "CFz-I9uXMp",
          "checksum": "df5133bd170deca0ae976af0311aa8f4"
        },
        {
          "type": "image",
          "assetId": "U5bGd5Wtc",
          "checksum": "8729a9d05c59ce902429c1b13b233de1"
        },
        {
          "type": "image",
          "assetId": "hD0j16vls",
          "checksum": "0f9214e955f09a42eec8d23f6ee6aeff"
        },
        {
          "type": "image",
          "assetId": "lJoWIW4HH",
          "checksum": "34385c3751d3894d1bb367240cc04d5c"
        },
        {
          "type": "image",
          "assetId": "fRA1sPB3A",
          "checksum": "4bced9243bd255209c94980f1d81f715"
        },
        {
          "type": "image",
          "assetId": "24A5q1fTZ",
          "checksum": "71b0086e91490cd772ade6ad0c974f53"
        },
        {
          "type": "image",
          "assetId": "5rLjjTTZN",
          "checksum": "b2a9016b50a0da29fcd8174ca7bce55a"
        },
        {
          "type": "image",
          "assetId": "SwEbmESe5",
          "checksum": "251fb54e10da2ad1051b5aba0a38c64b"
        },
        {
          "type": "image",
          "assetId": "fD9CIE6Fx",
          "checksum": "1ce40e0e3bb2aaeae3ea34c4ced9f852"
        },
        {
          "type": "image",
          "assetId": "wPVRrURt1",
          "checksum": "8e903c382a7c6f1b1d4921d0314a9498"
        },
        {
          "type": "image",
          "assetId": "9tw-HWhtu",
          "checksum": "2fb60125cfc3f009a208855c81211afe"
        },
        {
          "type": "image",
          "assetId": "piFU6GBQB",
          "checksum": "87b58b750825c9e4af734098297fbdb7"
        },
        {
          "type": "renderModule",
          "assetId": "opTqQ96dfN",
          "checksum": "c5687cd1527e99c84f4aee170f2f85f9"
        },
        {
          "type": "cssRules",
          "assetId": "opTqQ96dfN",
          "checksum": "c5687cd1527e99c84f4aee170f2f85f9"
        },
        {
          "type": "icon",
          "assetId": "-oEINKCMy",
          "checksum": "ca85d93918e8c7b7306779c4049fa8a5"
        },
        {
          "type": "icon",
          "assetId": "TlvA4yYfff",
          "checksum": "1285ccf6c2d491331887f77ef678ed6b"
        },
        {
          "type": "icon",
          "assetId": "6_cJG0lEE2",
          "checksum": "b989e8946f3974db8b41d1f938bc36bc"
        },
        {
          "type": "image",
          "assetId": "36p188FaR",
          "checksum": "1098f7a5cfb078804c778beefd877dd9"
        },
        {
          "type": "image",
          "assetId": "P-GVA9EEey",
          "checksum": "3a741fb43233f8abeaf24025a8011d99"
        },
        {
          "type": "image",
          "assetId": "NFnEIZWFIa",
          "checksum": "80672cabfad861e64d6be4484d3d80c9"
        },
        {
          "type": "image",
          "assetId": "9MQpMS7J2o",
          "checksum": "457fa64b973245529e90d4b146b2c086"
        },
        {
          "type": "image",
          "assetId": "DVu1WhRyZ",
          "checksum": "92e210d2f29c438ded55ecab94b4ad3d"
        },
        {
          "type": "image",
          "assetId": "o8nUO8F-I",
          "checksum": "f2cb382ddaf7a3d4cb153219e356b1be"
        },
        {
          "type": "image",
          "assetId": "w0pUqv45A",
          "checksum": "00e7db72ae3688d913df8b32a06557d5"
        },
        {
          "type": "image",
          "assetId": "gC-MHuSGf",
          "checksum": "30304e0f289b428345de9f970289da10"
        },
        {
          "type": "image",
          "assetId": "ksrcZOir0",
          "checksum": "23833db0b168989e25885cf2e0af57d9"
        },
        {
          "type": "renderModule",
          "assetId": "jijuzn5YmBR",
          "checksum": "02789a880afebfdc0debff86caa92b76"
        },
        {
          "type": "cssRules",
          "assetId": "jijuzn5YmBR",
          "checksum": "02789a880afebfdc0debff86caa92b76"
        },
        {
          "type": "image",
          "assetId": "8distkjdS",
          "checksum": "066cf73d861c36741c4decb0d545a7f2"
        },
        {
          "type": "image",
          "assetId": "VAT1S_Kpnd",
          "checksum": "ce2795dba6ef65190833cbc320b5d9c6"
        },
        {
          "type": "image",
          "assetId": "O5ZcT0zhKa",
          "checksum": "61407a487c5a857785abb3cf32af55c2"
        },
        {
          "type": "image",
          "assetId": "ba4gpSn2Ji",
          "checksum": "e0803bae4dc254a6d16ea4eefe97db2a"
        },
        {
          "type": "image",
          "assetId": "B0gKmTrgkH",
          "checksum": "d9d705f1329dfe73b7b63911765d2295"
        },
        {
          "type": "image",
          "assetId": "PKP75iup8N",
          "checksum": "bd093b733ee9c346e829f9e20be091d2"
        },
        {
          "type": "image",
          "assetId": "5BUEXh3EOS",
          "checksum": "7db230030133660ac066df55a999f045"
        },
        {
          "type": "image",
          "assetId": "-GO3s3DHhz",
          "checksum": "c2285f620047d576b52b0b2946ed4d42"
        },
        {
          "type": "image",
          "assetId": "RzCmEH4SA4",
          "checksum": "ce5cc0597b0bfcd3b404a60be4815323"
        },
        {
          "type": "image",
          "assetId": "Qe8oSUVLhF",
          "checksum": "23dd32e584e44ed2081db39d9b0442e5"
        },
        {
          "type": "image",
          "assetId": "kqxWtBJnPK",
          "checksum": "881071202d00e614b36b28c07023598b"
        },
        {
          "type": "renderModule",
          "assetId": "OYpuIb6c8w",
          "checksum": "aa9c52320810ee456293c657d8bb1422"
        },
        {
          "type": "cssRules",
          "assetId": "OYpuIb6c8w",
          "checksum": "aa9c52320810ee456293c657d8bb1422"
        },
        {
          "type": "renderModule",
          "assetId": "PXpi17MlSes",
          "checksum": "17267af754417ea2b29fd6fd408974df"
        },
        {
          "type": "cssRules",
          "assetId": "PXpi17MlSes",
          "checksum": "17267af754417ea2b29fd6fd408974df"
        },
        {
          "assetId": "6tP4H2YXq73abyMEePhpsf",
          "type": "projectCss",
          "checksum": "7ac7243ab55f3a87b2fc2c560e3c4522"
        }
      ],
      "codegenVersion": "0.0.1"
    },
    {
      "projectId": "84wxoth5npGrp6RRXPL88z",
      "version": "4.0.1",
      "dependencies": {},
      "lang": "js",
      "fileLocks": [
        {
          "assetId": "84wxoth5npGrp6RRXPL88z",
          "type": "projectCss",
          "checksum": "5c8ed3f9d21de61cb1f7d14b9fa7a39a"
        },
        {
          "assetId": "84wxoth5npGrp6RRXPL88z",
          "checksum": "96a6914c3505128734b325290a18cb2c",
          "type": "globalContexts"
        }
      ],
      "codegenVersion": "0.0.1"
    },
    {
      "projectId": "r3ASNrnyvLLLAtDvzUioQ",
      "version": "2.1.1",
      "dependencies": {},
      "lang": "js",
      "fileLocks": [
        {
          "type": "globalVariant",
          "assetId": "QvtMAh6IevC",
          "checksum": "b4c14f1981e55253b9162627749eab51"
        },
        {
          "assetId": "r3ASNrnyvLLLAtDvzUioQ",
          "type": "projectCss",
          "checksum": "1ed80188487ebdfcf825864934d0c993"
        }
      ],
      "codegenVersion": "0.0.1"
    },
    {
      "projectId": "7nJ7UcFmq9UzB6eXfC5z4a",
      "version": "0.0.2",
      "dependencies": {},
      "lang": "js",
      "fileLocks": [
        {
          "assetId": "7nJ7UcFmq9UzB6eXfC5z4a",
          "type": "projectCss",
          "checksum": "710c1ca5876b712e5c086ae35db0bac2"
        }
      ],
      "codegenVersion": "0.0.1"
    }
  ],
  "cliVersion": "0.1.178"
}
